// !$*UTF8*$!
{
	archiveVersion = 1;
	classes = {
	};
	objectVersion = 46;
	objects = {

/* Begin PBXBuildFile section */
		8D75EA5E1DEAE19100A51263 /* main.m in Sources */ = {isa = PBXBuildFile; fileRef = 8D75EA5D1DEAE19100A51263 /* main.m */; };
		8D75EA611DEAE19100A51263 /* AppDelegate.m in Sources */ = {isa = PBXBuildFile; fileRef = 8D75EA601DEAE19100A51263 /* AppDelegate.m */; };
		8D75EA641DEAE19100A51263 /* ViewController.m in Sources */ = {isa = PBXBuildFile; fileRef = 8D75EA631DEAE19100A51263 /* ViewController.m */; };
		8D75EA671DEAE19100A51263 /* Main.storyboard in Resources */ = {isa = PBXBuildFile; fileRef = 8D75EA651DEAE19100A51263 /* Main.storyboard */; };
		8D75EA691DEAE19100A51263 /* Images.xcassets in Resources */ = {isa = PBXBuildFile; fileRef = 8D75EA681DEAE19100A51263 /* Images.xcassets */; };
		8D75EA6C1DEAE19100A51263 /* LaunchScreen.xib in Resources */ = {isa = PBXBuildFile; fileRef = 8D75EA6A1DEAE19100A51263 /* LaunchScreen.xib */; };
		8D75EA781DEAE19100A51263 /* FunctionsTestTests.m in Sources */ = {isa = PBXBuildFile; fileRef = 8D75EA771DEAE19100A51263 /* FunctionsTestTests.m */; };
/* End PBXBuildFile section */

/* Begin PBXContainerItemProxy section */
		8D75EA721DEAE19100A51263 /* PBXContainerItemProxy */ = {
			isa = PBXContainerItemProxy;
			containerPortal = 8D75EA501DEAE19100A51263 /* Project object */;
			proxyType = 1;
			remoteGlobalIDString = 8D75EA571DEAE19100A51263;
			remoteInfo = FunctionsTest;
		};
/* End PBXContainerItemProxy section */

/* Begin PBXFileReference section */
		8D75EA581DEAE19100A51263 /* FunctionsTest.app */ = {isa = PBXFileReference; explicitFileType = wrapper.application; includeInIndex = 0; path = FunctionsTest.app; sourceTree = BUILT_PRODUCTS_DIR; };
		8D75EA5C1DEAE19100A51263 /* Info.plist */ = {isa = PBXFileReference; lastKnownFileType = text.plist.xml; path = Info.plist; sourceTree = "<group>"; };
		8D75EA5D1DEAE19100A51263 /* main.m */ = {isa = PBXFileReference; lastKnownFileType = sourcecode.c.objc; path = main.m; sourceTree = "<group>"; };
		8D75EA5F1DEAE19100A51263 /* AppDelegate.h */ = {isa = PBXFileReference; lastKnownFileType = sourcecode.c.h; path = AppDelegate.h; sourceTree = "<group>"; };
		8D75EA601DEAE19100A51263 /* AppDelegate.m */ = {isa = PBXFileReference; lastKnownFileType = sourcecode.c.objc; path = AppDelegate.m; sourceTree = "<group>"; };
		8D75EA621DEAE19100A51263 /* ViewController.h */ = {isa = PBXFileReference; lastKnownFileType = sourcecode.c.h; path = ViewController.h; sourceTree = "<group>"; };
		8D75EA631DEAE19100A51263 /* ViewController.m */ = {isa = PBXFileReference; lastKnownFileType = sourcecode.c.objc; path = ViewController.m; sourceTree = "<group>"; };
		8D75EA661DEAE19100A51263 /* Base */ = {isa = PBXFileReference; lastKnownFileType = file.storyboard; name = Base; path = Base.lproj/Main.storyboard; sourceTree = "<group>"; };
		8D75EA681DEAE19100A51263 /* Images.xcassets */ = {isa = PBXFileReference; lastKnownFileType = folder.assetcatalog; path = Images.xcassets; sourceTree = "<group>"; };
		8D75EA6B1DEAE19100A51263 /* Base */ = {isa = PBXFileReference; lastKnownFileType = file.xib; name = Base; path = Base.lproj/LaunchScreen.xib; sourceTree = "<group>"; };
		8D75EA711DEAE19100A51263 /* FunctionsTestTests.xctest */ = {isa = PBXFileReference; explicitFileType = wrapper.cfbundle; includeInIndex = 0; path = FunctionsTestTests.xctest; sourceTree = BUILT_PRODUCTS_DIR; };
		8D75EA761DEAE19100A51263 /* Info.plist */ = {isa = PBXFileReference; lastKnownFileType = text.plist.xml; path = Info.plist; sourceTree = "<group>"; };
		8D75EA771DEAE19100A51263 /* FunctionsTestTests.m */ = {isa = PBXFileReference; lastKnownFileType = sourcecode.c.objc; path = FunctionsTestTests.m; sourceTree = "<group>"; };
/* End PBXFileReference section */

/* Begin PBXFrameworksBuildPhase section */
		8D75EA551DEAE19100A51263 /* Frameworks */ = {
			isa = PBXFrameworksBuildPhase;
			buildActionMask = 2147483647;
			files = (
			);
			runOnlyForDeploymentPostprocessing = 0;
		};
		8D75EA6E1DEAE19100A51263 /* Frameworks */ = {
			isa = PBXFrameworksBuildPhase;
			buildActionMask = 2147483647;
			files = (
			);
			runOnlyForDeploymentPostprocessing = 0;
		};
/* End PBXFrameworksBuildPhase section */

/* Begin PBXGroup section */
		8D75EA4F1DEAE19100A51263 = {
			isa = PBXGroup;
			children = (
				8D75EA5A1DEAE19100A51263 /* FunctionsTest */,
				8D75EA741DEAE19100A51263 /* FunctionsTestTests */,
				8D75EA591DEAE19100A51263 /* Products */,
			);
			sourceTree = "<group>";
		};
		8D75EA591DEAE19100A51263 /* Products */ = {
			isa = PBXGroup;
			children = (
				8D75EA581DEAE19100A51263 /* FunctionsTest.app */,
				8D75EA711DEAE19100A51263 /* FunctionsTestTests.xctest */,
			);
			name = Products;
			sourceTree = "<group>";
		};
		8D75EA5A1DEAE19100A51263 /* FunctionsTest */ = {
			isa = PBXGroup;
			children = (
				8D75EA5F1DEAE19100A51263 /* AppDelegate.h */,
				8D75EA601DEAE19100A51263 /* AppDelegate.m */,
				8D75EA621DEAE19100A51263 /* ViewController.h */,
				8D75EA631DEAE19100A51263 /* ViewController.m */,
				8D75EA651DEAE19100A51263 /* Main.storyboard */,
				8D75EA681DEAE19100A51263 /* Images.xcassets */,
				8D75EA6A1DEAE19100A51263 /* LaunchScreen.xib */,
				8D75EA5B1DEAE19100A51263 /* Supporting Files */,
			);
			path = FunctionsTest;
			sourceTree = "<group>";
		};
		8D75EA5B1DEAE19100A51263 /* Supporting Files */ = {
			isa = PBXGroup;
			children = (
				8D75EA5C1DEAE19100A51263 /* Info.plist */,
				8D75EA5D1DEAE19100A51263 /* main.m */,
			);
			name = "Supporting Files";
			sourceTree = "<group>";
		};
		8D75EA741DEAE19100A51263 /* FunctionsTestTests */ = {
			isa = PBXGroup;
			children = (
				8D75EA771DEAE19100A51263 /* FunctionsTestTests.m */,
				8D75EA751DEAE19100A51263 /* Supporting Files */,
			);
			path = FunctionsTestTests;
			sourceTree = "<group>";
		};
		8D75EA751DEAE19100A51263 /* Supporting Files */ = {
			isa = PBXGroup;
			children = (
				8D75EA761DEAE19100A51263 /* Info.plist */,
			);
			name = "Supporting Files";
			sourceTree = "<group>";
		};
/* End PBXGroup section */

/* Begin PBXNativeTarget section */
		8D75EA571DEAE19100A51263 /* FunctionsTest */ = {
			isa = PBXNativeTarget;
			buildConfigurationList = 8D75EA7B1DEAE19100A51263 /* Build configuration list for PBXNativeTarget "FunctionsTest" */;
			buildPhases = (
				8D75EA541DEAE19100A51263 /* Sources */,
				8D75EA551DEAE19100A51263 /* Frameworks */,
				8D75EA561DEAE19100A51263 /* Resources */,
			);
			buildRules = (
			);
			dependencies = (
			);
			name = FunctionsTest;
			productName = FunctionsTest;
			productReference = 8D75EA581DEAE19100A51263 /* FunctionsTest.app */;
			productType = "com.apple.product-type.application";
		};
		8D75EA701DEAE19100A51263 /* FunctionsTestTests */ = {
			isa = PBXNativeTarget;
			buildConfigurationList = 8D75EA7E1DEAE19100A51263 /* Build configuration list for PBXNativeTarget "FunctionsTestTests" */;
			buildPhases = (
				8D75EA6D1DEAE19100A51263 /* Sources */,
				8D75EA6E1DEAE19100A51263 /* Frameworks */,
				8D75EA6F1DEAE19100A51263 /* Resources */,
			);
			buildRules = (
			);
			dependencies = (
				8D75EA731DEAE19100A51263 /* PBXTargetDependency */,
			);
			name = FunctionsTestTests;
			productName = FunctionsTestTests;
			productReference = 8D75EA711DEAE19100A51263 /* FunctionsTestTests.xctest */;
			productType = "com.apple.product-type.bundle.unit-test";
		};
/* End PBXNativeTarget section */

/* Begin PBXProject section */
		8D75EA501DEAE19100A51263 /* Project object */ = {
			isa = PBXProject;
			attributes = {
				LastUpgradeCheck = 0620;
				ORGANIZATIONNAME = sublio;
				TargetAttributes = {
					8D75EA571DEAE19100A51263 = {
						CreatedOnToolsVersion = 6.2;
					};
					8D75EA701DEAE19100A51263 = {
						CreatedOnToolsVersion = 6.2;
						TestTargetID = 8D75EA571DEAE19100A51263;
					};
				};
			};
			buildConfigurationList = 8D75EA531DEAE19100A51263 /* Build configuration list for PBXProject "FunctionsTest" */;
			compatibilityVersion = "Xcode 3.2";
			developmentRegion = English;
			hasScannedForEncodings = 0;
			knownRegions = (
				en,
				Base,
			);
			mainGroup = 8D75EA4F1DEAE19100A51263;
			productRefGroup = 8D75EA591DEAE19100A51263 /* Products */;
			projectDirPath = "";
			projectRoot = "";
			targets = (
				8D75EA571DEAE19100A51263 /* FunctionsTest */,
				8D75EA701DEAE19100A51263 /* FunctionsTestTests */,
			);
		};
/* End PBXProject section */

/* Begin PBXResourcesBuildPhase section */
		8D75EA561DEAE19100A51263 /* Resources */ = {
			isa = PBXResourcesBuildPhase;
			buildActionMask = 2147483647;
			files = (
				8D75EA671DEAE19100A51263 /* Main.storyboard in Resources */,
				8D75EA6C1DEAE19100A51263 /* LaunchScreen.xib in Resources */,
				8D75EA691DEAE19100A51263 /* Images.xcassets in Resources */,
			);
			runOnlyForDeploymentPostprocessing = 0;
		};
		8D75EA6F1DEAE19100A51263 /* Resources */ = {
			isa = PBXResourcesBuildPhase;
			buildActionMask = 2147483647;
			files = (
			);
			runOnlyForDeploymentPostprocessing = 0;
		};
/* End PBXResourcesBuildPhase section */

/* Begin PBXSourcesBuildPhase section */
		8D75EA541DEAE19100A51263 /* Sources */ = {
			isa = PBXSourcesBuildPhase;
			buildActionMask = 2147483647;
			files = (
				8D75EA641DEAE19100A51263 /* ViewController.m in Sources */,
				8D75EA611DEAE19100A51263 /* AppDelegate.m in Sources */,
				8D75EA5E1DEAE19100A51263 /* main.m in Sources */,
			);
			runOnlyForDeploymentPostprocessing = 0;
		};
		8D75EA6D1DEAE19100A51263 /* Sources */ = {
			isa = PBXSourcesBuildPhase;
			buildActionMask = 2147483647;
			files = (
				8D75EA781DEAE19100A51263 /* FunctionsTestTests.m in Sources */,
			);
			runOnlyForDeploymentPostprocessing = 0;
		};
/* End PBXSourcesBuildPhase section */

/* Begin PBXTargetDependency section */
		8D75EA731DEAE19100A51263 /* PBXTargetDependency */ = {
			isa = PBXTargetDependency;
			target = 8D75EA571DEAE19100A51263 /* FunctionsTest */;
			targetProxy = 8D75EA721DEAE19100A51263 /* PBXContainerItemProxy */;
		};
/* End PBXTargetDependency section */

/* Begin PBXVariantGroup section */
		8D75EA651DEAE19100A51263 /* Main.storyboard */ = {
			isa = PBXVariantGroup;
			children = (
				8D75EA661DEAE19100A51263 /* Base */,
			);
			name = Main.storyboard;
			sourceTree = "<group>";
		};
		8D75EA6A1DEAE19100A51263 /* LaunchScreen.xib */ = {
			isa = PBXVariantGroup;
			children = (
				8D75EA6B1DEAE19100A51263 /* Base */,
			);
			name = LaunchScreen.xib;
			sourceTree = "<group>";
		};
/* End PBXVariantGroup section */

/* Begin XCBuildConfiguration section */
		8D75EA791DEAE19100A51263 /* Debug */ = {
			isa = XCBuildConfiguration;
			buildSettings = {
				ALWAYS_SEARCH_USER_PATHS = NO;
				CLANG_CXX_LANGUAGE_STANDARD = "gnu++0x";
				CLANG_CXX_LIBRARY = "libc++";
				CLANG_ENABLE_MODULES = YES;
				CLANG_ENABLE_OBJC_ARC = YES;
				CLANG_WARN_BOOL_CONVERSION = YES;
				CLANG_WARN_CONSTANT_CONVERSION = YES;
				CLANG_WARN_DIRECT_OBJC_ISA_USAGE = YES_ERROR;
				CLANG_WARN_EMPTY_BODY = YES;
				CLANG_WARN_ENUM_CONVERSION = YES;
				CLANG_WARN_INT_CONVERSION = YES;
				CLANG_WARN_OBJC_ROOT_CLASS = YES_ERROR;
				CLANG_WARN_UNREACHABLE_CODE = YES;
				CLANG_WARN__DUPLICATE_METHOD_MATCH = YES;
				"CODE_SIGN_IDENTITY[sdk=iphoneos*]" = "iPhone Developer";
				COPY_PHASE_STRIP = NO;
				ENABLE_STRICT_OBJC_MSGSEND = YES;
				GCC_C_LANGUAGE_STANDARD = gnu99;
				GCC_DYNAMIC_NO_PIC = NO;
				GCC_OPTIMIZATION_LEVEL = 0;
				GCC_PREPROCESSOR_DEFINITIONS = (
					"DEBUG=1",
					"$(inherited)",
				);
				GCC_SYMBOLS_PRIVATE_EXTERN = NO;
				GCC_WARN_64_TO_32_BIT_CONVERSION = YES;
				GCC_WARN_ABOUT_RETURN_TYPE = YES_ERROR;
				GCC_WARN_UNDECLARED_SELECTOR = YES;
				GCC_WARN_UNINITIALIZED_AUTOS = YES_AGGRESSIVE;
				GCC_WARN_UNUSED_FUNCTION = YES;
				GCC_WARN_UNUSED_VARIABLE = YES;
				IPHONEOS_DEPLOYMENT_TARGET = 8.2;
				MTL_ENABLE_DEBUG_INFO = YES;
				ONLY_ACTIVE_ARCH = YES;
				SDKROOT = iphoneos;
				TARGETED_DEVICE_FAMILY = "1,2";
			};
			name = Debug;
		};
		8D75EA7A1DEAE19100A51263 /* Release */ = {
			isa = XCBuildConfiguration;
			buildSettings = {
				ALWAYS_SEARCH_USER_PATHS = NO;
				CLANG_CXX_LANGUAGE_STANDARD = "gnu++0x";
				CLANG_CXX_LIBRARY = "libc++";
				CLANG_ENABLE_MODULES = YES;
				CLANG_ENABLE_OBJC_ARC = YES;
				CLANG_WARN_BOOL_CONVERSION = YES;
				CLANG_WARN_CONSTANT_CONVERSION = YES;
				CLANG_WARN_DIRECT_OBJC_ISA_USAGE = YES_ERROR;
				CLANG_WARN_EMPTY_BODY = YES;
				CLANG_WARN_ENUM_CONVERSION = YES;
				CLANG_WARN_INT_CONVERSION = YES;
				CLANG_WARN_OBJC_ROOT_CLASS = YES_ERROR;
				CLANG_WARN_UNREACHABLE_CODE = YES;
				CLANG_WARN__DUPLICATE_METHOD_MATCH = YES;
				"CODE_SIGN_IDENTITY[sdk=iphoneos*]" = "iPhone Developer";
				COPY_PHASE_STRIP = NO;
				ENABLE_NS_ASSERTIONS = NO;
				ENABLE_STRICT_OBJC_MSGSEND = YES;
				GCC_C_LANGUAGE_STANDARD = gnu99;
				GCC_WARN_64_TO_32_BIT_CONVERSION = YES;
				GCC_WARN_ABOUT_RETURN_TYPE = YES_ERROR;
				GCC_WARN_UNDECLARED_SELECTOR = YES;
				GCC_WARN_UNINITIALIZED_AUTOS = YES_AGGRESSIVE;
				GCC_WARN_UNUSED_FUNCTION = YES;
				GCC_WARN_UNUSED_VARIABLE = YES;
				IPHONEOS_DEPLOYMENT_TARGET = 8.2;
				MTL_ENABLE_DEBUG_INFO = NO;
				SDKROOT = iphoneos;
				TARGETED_DEVICE_FAMILY = "1,2";
				VALIDATE_PRODUCT = YES;
			};
			name = Release;
		};
		8D75EA7C1DEAE19100A51263 /* Debug */ = {
			isa = XCBuildConfiguration;
			buildSettings = {
				ASSETCATALOG_COMPILER_APPICON_NAME = AppIcon;
				INFOPLIST_FILE = FunctionsTest/Info.plist;
				LD_RUNPATH_SEARCH_PATHS = "$(inherited) @executable_path/Frameworks";
				PRODUCT_NAME = "$(TARGET_NAME)";
			};
			name = Debug;
		};
		8D75EA7D1DEAE19100A51263 /* Release */ = {
			isa = XCBuildConfiguration;
			buildSettings = {
				ASSETCATALOG_COMPILER_APPICON_NAME = AppIcon;
				INFOPLIST_FILE = FunctionsTest/Info.plist;
				LD_RUNPATH_SEARCH_PATHS = "$(inherited) @executable_path/Frameworks";
				PRODUCT_NAME = "$(TARGET_NAME)";
			};
			name = Release;
		};
		8D75EA7F1DEAE19100A51263 /* Debug */ = {
			isa = XCBuildConfiguration;
			buildSettings = {
				BUNDLE_LOADER = "$(TEST_HOST)";
				FRAMEWORK_SEARCH_PATHS = (
					"$(SDKROOT)/Developer/Library/Frameworks",
					"$(inherited)",
				);
				GCC_PREPROCESSOR_DEFINITIONS = (
					"DEBUG=1",
					"$(inherited)",
				);
				INFOPLIST_FILE = FunctionsTestTests/Info.plist;
				LD_RUNPATH_SEARCH_PATHS = "$(inherited) @executable_path/Frameworks @loader_path/Frameworks";
				PRODUCT_NAME = "$(TARGET_NAME)";
				TEST_HOST = "$(BUILT_PRODUCTS_DIR)/FunctionsTest.app/FunctionsTest";
			};
			name = Debug;
		};
		8D75EA801DEAE19100A51263 /* Release */ = {
			isa = XCBuildConfiguration;
			buildSettings = {
				BUNDLE_LOADER = "$(TEST_HOST)";
				FRAMEWORK_SEARCH_PATHS = (
					"$(SDKROOT)/Developer/Library/Frameworks",
					"$(inherited)",
				);
				INFOPLIST_FILE = FunctionsTestTests/Info.plist;
				LD_RUNPATH_SEARCH_PATHS = "$(inherited) @executable_path/Frameworks @loader_path/Frameworks";
				PRODUCT_NAME = "$(TARGET_NAME)";
				TEST_HOST = "$(BUILT_PRODUCTS_DIR)/FunctionsTest.app/FunctionsTest";
			};
			name = Release;
		};
/* End XCBuildConfiguration section */

/* Begin XCConfigurationList section */
		8D75EA531DEAE19100A51263 /* Build configuration list for PBXProject "FunctionsTest" */ = {
			isa = XCConfigurationList;
			buildConfigurations = (
				8D75EA791DEAE19100A51263 /* Debug */,
				8D75EA7A1DEAE19100A51263 /* Release */,
			);
			defaultConfigurationIsVisible = 0;
			defaultConfigurationName = Release;
		};
		8D75EA7B1DEAE19100A51263 /* Build configuration list for PBXNativeTarget "FunctionsTest" */ = {
			isa = XCConfigurationList;
			buildConfigurations = (
				8D75EA7C1DEAE19100A51263 /* Debug */,
				8D75EA7D1DEAE19100A51263 /* Release */,
			);
			defaultConfigurationIsVisible = 0;
		};
		8D75EA7E1DEAE19100A51263 /* Build configuration list for PBXNativeTarget "FunctionsTestTests" */ = {
			isa = XCConfigurationList;
			buildConfigurations = (
				8D75EA7F1DEAE19100A51263 /* Debug */,
				8D75EA801DEAE19100A51263 /* Release */,
			);
			defaultConfigurationIsVisible = 0;
		};
/* End XCConfigurationList section */
	};
	rootObject = 8D75EA501DEAE19100A51263 /* Project object */;
}
